
Microsoft Visual Studio Solution File, Format Version 12.00
# Visual Studio Version 16
VisualStudioVersion = 16.0.30413.136
MinimumVisualStudioVersion = 10.0.40219.1
Project("{888888A0-9F3D-457C-B088-3A5042F75D52}") = "BinarySearch", "BinarySearch\BinarySearch.pyproj", "{1144E037-00EB-42EC-A331-1AB352165700}"
EndProject
Global
	GlobalSection(SolutionConfigurationPlatforms) = preSolution
		Debug|Any CPU = Debug|Any CPU
		Release|Any CPU = Release|Any CPU
	EndGlobalSection
	GlobalSection(ProjectConfigurationPlatforms) = postSolution
		{1144E037-00EB-42EC-A331-1AB352165700}.Debug|Any CPU.ActiveCfg = Debug|Any CPU
		{1144E037-00EB-42EC-A331-1AB352165700}.Release|Any CPU.ActiveCfg = Release|Any CPU
	EndGlobalSection
	GlobalSection(SolutionProperties) = preSolution
		HideSolutionNode = FALSE
	EndGlobalSection
	GlobalSection(ExtensibilityGlobals) = postSolution
		SolutionGuid = {357C6B6F-0637-4FAC-B65B-F930135B3880}
	EndGlobalSection
EndGlobal
